
Microsoft Visual Studio Solution File, Format Version 12.00
# Visual Studio Version 16
VisualStudioVersion = 16.0.30611.23
MinimumVisualStudioVersion = 10.0.40219.1
Project("{FAE04EC0-301F-11D3-BF4B-00C04F79EFBC}") = "Neunet", "Neunet\Neunet.csproj", "{7B30674B-95C4-4F66-9F47-694CD5BC4B31}"
EndProject
Project("{FAE04EC0-301F-11D3-BF4B-00C04F79EFBC}") = "Neulib", "Neulib\Neulib.csproj", "{DC2AF5F8-D922-4EA1-A74B-28F2A17D8283}"
EndProject
Project("{2150E333-8FDC-42A3-9474-1A3956D46DE8}") = "Solution Items", "Solution Items", "{9593F358-A609-446B-8335-A1B453F56ECD}"
	ProjectSection(SolutionItems) = preProject
		.editorconfig = .editorconfig
	EndProjectSection
EndProject
Global
	GlobalSection(SolutionConfigurationPlatforms) = preSolution
		Debug|Any CPU = Debug|Any CPU
		Release|Any CPU = Release|Any CPU
	EndGlobalSection
	GlobalSection(ProjectConfigurationPlatforms) = postSolution
		{7B30674B-95C4-4F66-9F47-694CD5BC4B31}.Debug|Any CPU.ActiveCfg = Debug|Any CPU
		{7B30674B-95C4-4F66-9F47-694CD5BC4B31}.Debug|Any CPU.Build.0 = Debug|Any CPU
		{7B30674B-95C4-4F66-9F47-694CD5BC4B31}.Release|Any CPU.ActiveCfg = Release|Any CPU
		{7B30674B-95C4-4F66-9F47-694CD5BC4B31}.Release|Any CPU.Build.0 = Release|Any CPU
		{DC2AF5F8-D922-4EA1-A74B-28F2A17D8283}.Debug|Any CPU.ActiveCfg = Debug|Any CPU
		{DC2AF5F8-D922-4EA1-A74B-28F2A17D8283}.Debug|Any CPU.Build.0 = Debug|Any CPU
		{DC2AF5F8-D922-4EA1-A74B-28F2A17D8283}.Release|Any CPU.ActiveCfg = Release|Any CPU
		{DC2AF5F8-D922-4EA1-A74B-28F2A17D8283}.Release|Any CPU.Build.0 = Release|Any CPU
	EndGlobalSection
	GlobalSection(SolutionProperties) = preSolution
		HideSolutionNode = FALSE
	EndGlobalSection
	GlobalSection(ExtensibilityGlobals) = postSolution
		SolutionGuid = {F9FD0B81-946F-4AC2-A909-A3670187EE56}
	EndGlobalSection
EndGlobal
